<?xml version="1.0" encoding="utf-8"?>
<Project ToolsVersion="4.0" xmlns="http://schemas.microsoft.com/developer/msbuild/2003">
  <ItemGroup>
    <Filter Include="Source Files">
      <UniqueIdentifier>{4FC737F1-C7A5-4376-A066-2A32D752A2FF}</UniqueIdentifier>
      <Extensions>cpp;c;cc;cxx;def;odl;idl;hpj;bat;asm;asmx</Extensions>
    </Filter>
    <Filter Include="Header Files">
      <UniqueIdentifier>{93995380-89BD-4b04-88EB-625FBE52EBFB}</UniqueIdentifier>
      <Extensions>h;hh;hpp;hxx;hm;inl;inc;ipp;xsd</Extensions>
    </Filter>
    <Filter Include="Resource Files">
      <UniqueIdentifier>{67DA6AB6-F800-4c08-8B7A-83BB121AAD01}</UniqueIdentifier>
      <Extensions>rc;ico;cur;bmp;dlg;rc2;rct;bin;rgs;gif;jpg;jpeg;jpe;resx;tiff;tif;png;wav;mfcribbon-ms</Extensions>
    </Filter>
  </ItemGroup>
  <ItemGroup>
    <ClInclude Include="dbx.env.h">
      <Filter>Header Files</Filter>
    </ClInclude>
    <ClInclude Include="dbx.mdbx_env.h">
      <Filter>Header Files</Filter>
    </ClInclude>
    <ClInclude Include="dbx.mdbx.h">
      <Filter>Header Files</Filter>
    </ClInclude>
    <ClInclude Include="dbx.config.h">
      <Filter>Header Files</Filter>
    </ClInclude>
    <ClInclude Include="dbx.except.h">
      <Filter>Header Files</Filter>
    </ClInclude>
    <ClInclude Include="dbx.txn.h">
      <Filter>Header Files</Filter>
    </ClInclude>
    <ClInclude Include="dbx.mdbx_txn.h">
      <Filter>Header Files</Filter>
    </ClInclude>
    <ClInclude Include="dbx.val.h">
      <Filter>Header Files</Filter>
    </ClInclude>
    <ClInclude Include="dbx.noncopyable.h">
      <Filter>Header Files</Filter>
    </ClInclude>
    <ClInclude Include="dbx.mdbx_val.h">
      <Filter>Header Files</Filter>
    </ClInclude>
    <ClInclude Include="dbx.cur.h">
      <Filter>Header Files</Filter>
    </ClInclude>
    <ClInclude Include="dbx.stat.h">
      <Filter>Header Files</Filter>
    </ClInclude>
    <ClInclude Include="dbx.info.h">
      <Filter>Header Files</Filter>
    </ClInclude>
    <ClInclude Include="dbx.mdbx_cur.h">
      <Filter>Header Files</Filter>
    </ClInclude>
    <ClInclude Include="dbx.mdbx_stat.h">
      <Filter>Header Files</Filter>
    </ClInclude>
    <ClInclude Include="dbx.mdbx_info.h">
      <Filter>Header Files</Filter>
    </ClInclude>
  </ItemGroup>
  <ItemGroup>
    <ClCompile Include="dbx.mdbx_env.cpp">
      <Filter>Source Files</Filter>
    </ClCompile>
    <ClCompile Include="dbx.mdbx.cpp">
      <Filter>Source Files</Filter>
    </ClCompile>
    <ClCompile Include="dbx.except.cpp">
      <Filter>Source Files</Filter>
    </ClCompile>
    <ClCompile Include="dbx.mdbx_txn.cpp">
      <Filter>Source Files</Filter>
    </ClCompile>
    <ClCompile Include="dbx.mdbx_val.cpp">
      <Filter>Source Files</Filter>
    </ClCompile>
    <ClCompile Include="dbx.mdbx_cur.cpp">
      <Filter>Source Files</Filter>
    </ClCompile>
    <ClCompile Include="dbx.mdbx_stat.cpp">
      <Filter>Source Files</Filter>
    </ClCompile>
    <ClCompile Include="dbx.mdbx_info.cpp">
      <Filter>Source Files</Filter>
    </ClCompile>
  </ItemGroup>
  <ItemGroup>
    <None Include="dbx.mdbx.inl">
      <Filter>Source Files</Filter>
    </None>
    <None Include="dbx.except.inl">
      <Filter>Source Files</Filter>
    </None>
  </ItemGroup>
</Project>